
Microsoft Visual Studio Solution File, Format Version 12.00
# Visual Studio 15
VisualStudioVersion = 15.0.27130.2020
MinimumVisualStudioVersion = 10.0.40219.1
Project("{FAE04EC0-301F-11D3-BF4B-00C04F79EFBC}") = "Neuro_Evolutionary_System", "Neuro_Evolutionary_System\Neuro_Evolutionary_System.csproj", "{9CA9CF73-DA11-4C2D-8556-76D50612EE1B}"
EndProject
Global
	GlobalSection(SolutionConfigurationPlatforms) = preSolution
		Debug|Any CPU = Debug|Any CPU
		Release|Any CPU = Release|Any CPU
	EndGlobalSection
	GlobalSection(ProjectConfigurationPlatforms) = postSolution
		{9CA9CF73-DA11-4C2D-8556-76D50612EE1B}.Debug|Any CPU.ActiveCfg = Debug|Any CPU
		{9CA9CF73-DA11-4C2D-8556-76D50612EE1B}.Debug|Any CPU.Build.0 = Debug|Any CPU
		{9CA9CF73-DA11-4C2D-8556-76D50612EE1B}.Release|Any CPU.ActiveCfg = Release|Any CPU
		{9CA9CF73-DA11-4C2D-8556-76D50612EE1B}.Release|Any CPU.Build.0 = Release|Any CPU
	EndGlobalSection
	GlobalSection(SolutionProperties) = preSolution
		HideSolutionNode = FALSE
	EndGlobalSection
	GlobalSection(ExtensibilityGlobals) = postSolution
		SolutionGuid = {EA91D968-E620-4003-81BE-38FDDDC66144}
	EndGlobalSection
EndGlobal
